
Microsoft Visual Studio Solution File, Format Version 12.00
# Visual Studio Version 17
VisualStudioVersion = 17.5.33530.505
MinimumVisualStudioVersion = 10.0.40219.1
Project("{9A19103F-16F7-4668-BE54-9A1E7A4F7556}") = "DesafioFundamentos", "DesafioFundamentos.csproj", "{A622688C-3B57-4563-B98B-F4D78C385741}"
EndProject
Global
	GlobalSection(SolutionConfigurationPlatforms) = preSolution
		Debug|Any CPU = Debug|Any CPU
		Release|Any CPU = Release|Any CPU
	EndGlobalSection
	GlobalSection(ProjectConfigurationPlatforms) = postSolution
		{A622688C-3B57-4563-B98B-F4D78C385741}.Debug|Any CPU.ActiveCfg = Debug|Any CPU
		{A622688C-3B57-4563-B98B-F4D78C385741}.Debug|Any CPU.Build.0 = Debug|Any CPU
		{A622688C-3B57-4563-B98B-F4D78C385741}.Release|Any CPU.ActiveCfg = Release|Any CPU
		{A622688C-3B57-4563-B98B-F4D78C385741}.Release|Any CPU.Build.0 = Release|Any CPU
	EndGlobalSection
	GlobalSection(SolutionProperties) = preSolution
		HideSolutionNode = FALSE
	EndGlobalSection
	GlobalSection(ExtensibilityGlobals) = postSolution
		SolutionGuid = {6350EBAD-210C-4CE7-8255-6F4FC63E92F3}
	EndGlobalSection
EndGlobal
